# Verrou de travail global — mode stable séquentiel

locked: false
active_run: null
active_role: null
active_tool: null
branch: version/v0.1.0
locked_at: null
last_heartbeat_at: "2026-06-29T18:05:00Z"
expires_at: null
lease_duration_minutes: 120
status: IDLE
last_session_note: "BL-006 TECH_REVIEW_PASSED — PR #10 merged"
